// !$*UTF8*$!
{
	archiveVersion = 1;
	classes = {
	};
	objectVersion = 46;
	objects = {

/* Begin PBXBuildFile section */
		18522768EF19C0601118ADC2 /* Pods.framework in Frameworks */ = {isa = PBXBuildFile; fileRef = 0D1E06D2BCD50AEC55A117ED /* Pods.framework */; };
		5007F0B11CD0907F009FF19B /* Pods.framework in CopyFiles */ = {isa = PBXBuildFile; fileRef = 0D1E06D2BCD50AEC55A117ED /* Pods.framework */; settings = {ATTRIBUTES = (CodeSignOnCopy, RemoveHeadersOnCopy, ); }; };
		5007F0B41CD09383009FF19B /* BaseTableView.swift in Sources */ = {isa = PBXBuildFile; fileRef = 5007F0B31CD09383009FF19B /* BaseTableView.swift */; };
		5007F0B61CD093DA009FF19B /* BaseCollectionView.swift in Sources */ = {isa = PBXBuildFile; fileRef = 5007F0B51CD093DA009FF19B /* BaseCollectionView.swift */; };
		5007F0B81CD09405009FF19B /* TMallHomeView.swift in Sources */ = {isa = PBXBuildFile; fileRef = 5007F0B71CD09405009FF19B /* TMallHomeView.swift */; };
		5007F0BD1CD0A4EF009FF19B /* TMallModels.swift in Sources */ = {isa = PBXBuildFile; fileRef = 5007F0BC1CD0A4EF009FF19B /* TMallModels.swift */; };
		503BF3611CD2EE86001D53A5 /* NewfeatureCollectionViewController.swift in Sources */ = {isa = PBXBuildFile; fileRef = 503BF3601CD2EE86001D53A5 /* NewfeatureCollectionViewController.swift */; };
		504680131CCDFA4700F9B454 /* AppDelegate.swift in Sources */ = {isa = PBXBuildFile; fileRef = 504680121CCDFA4700F9B454 /* AppDelegate.swift */; };
		504680151CCDFA4700F9B454 /* ViewController.swift in Sources */ = {isa = PBXBuildFile; fileRef = 504680141CCDFA4700F9B454 /* ViewController.swift */; };
		504680181CCDFA4700F9B454 /* Main.storyboard in Resources */ = {isa = PBXBuildFile; fileRef = 504680161CCDFA4700F9B454 /* Main.storyboard */; };
		5046801A1CCDFA4700F9B454 /* Assets.xcassets in Resources */ = {isa = PBXBuildFile; fileRef = 504680191CCDFA4700F9B454 /* Assets.xcassets */; };
		504680281CCDFA4700F9B454 /* RRArt_SwiftTests.swift in Sources */ = {isa = PBXBuildFile; fileRef = 504680271CCDFA4700F9B454 /* RRArt_SwiftTests.swift */; };
		504680331CCDFA4700F9B454 /* RRArt_SwiftUITests.swift in Sources */ = {isa = PBXBuildFile; fileRef = 504680321CCDFA4700F9B454 /* RRArt_SwiftUITests.swift */; };
		504680411CCDFC6100F9B454 /* Images.xcassets in Resources */ = {isa = PBXBuildFile; fileRef = 504680401CCDFC6100F9B454 /* Images.xcassets */; };
		504680501CCE043800F9B454 /* BaseViewController.swift in Sources */ = {isa = PBXBuildFile; fileRef = 5046804F1CCE043800F9B454 /* BaseViewController.swift */; };
		504680521CCE04FE00F9B454 /* Comment_RootViewController.swift in Sources */ = {isa = PBXBuildFile; fileRef = 504680511CCE04FE00F9B454 /* Comment_RootViewController.swift */; };
		504680541CCE051C00F9B454 /* Lesson_RootViewController.swift in Sources */ = {isa = PBXBuildFile; fileRef = 504680531CCE051C00F9B454 /* Lesson_RootViewController.swift */; };
		504680561CCE052F00F9B454 /* MyZone_RootViewController.swift in Sources */ = {isa = PBXBuildFile; fileRef = 504680551CCE052F00F9B454 /* MyZone_RootViewController.swift */; };
		504680581CCE054500F9B454 /* TMallHomeViewController.swift in Sources */ = {isa = PBXBuildFile; fileRef = 504680571CCE054500F9B454 /* TMallHomeViewController.swift */; };
		5046805A1CCE055600F9B454 /* WebSchool_RootViewController.swift in Sources */ = {isa = PBXBuildFile; fileRef = 504680591CCE055600F9B454 /* WebSchool_RootViewController.swift */; };
		5046805C1CCE05DC00F9B454 /* MainViewController.swift in Sources */ = {isa = PBXBuildFile; fileRef = 5046805B1CCE05DC00F9B454 /* MainViewController.swift */; };
		5046805E1CCE07BA00F9B454 /* TopWindowViewController.swift in Sources */ = {isa = PBXBuildFile; fileRef = 5046805D1CCE07BA00F9B454 /* TopWindowViewController.swift */; };
		504680601CCE15B600F9B454 /* BaseNavigationViewController.swift in Sources */ = {isa = PBXBuildFile; fileRef = 5046805F1CCE15B600F9B454 /* BaseNavigationViewController.swift */; };
		504E69D21CD048BA002CB284 /* CAlamofireManager.swift in Sources */ = {isa = PBXBuildFile; fileRef = 504E69D11CD048BA002CB284 /* CAlamofireManager.swift */; };
		5055B06C1CD1A2B000E76204 /* UIView+Frame.m in Sources */ = {isa = PBXBuildFile; fileRef = 5055B0641CD1A2B000E76204 /* UIView+Frame.m */; };
		5055B06D1CD1A2B000E76204 /* YZDisplayTitleLabel.m in Sources */ = {isa = PBXBuildFile; fileRef = 5055B0661CD1A2B000E76204 /* YZDisplayTitleLabel.m */; };
		5055B06E1CD1A2B000E76204 /* YZDisplayViewController.m in Sources */ = {isa = PBXBuildFile; fileRef = 5055B0681CD1A2B000E76204 /* YZDisplayViewController.m */; };
		5055B06F1CD1A2B000E76204 /* YZFlowLayout.m in Sources */ = {isa = PBXBuildFile; fileRef = 5055B06B1CD1A2B000E76204 /* YZFlowLayout.m */; };
		5055B0711CD1A3AB00E76204 /* TMallMenu_RootViewController.swift in Sources */ = {isa = PBXBuildFile; fileRef = 5055B0701CD1A3AB00E76204 /* TMallMenu_RootViewController.swift */; };
		5055B0731CD1B7B500E76204 /* TmallTooBarData.json in Resources */ = {isa = PBXBuildFile; fileRef = 5055B0721CD1B7B500E76204 /* TmallTooBarData.json */; };
		5055B0761CD1EDDD00E76204 /* WTJWebBrowserViewController.swift in Sources */ = {isa = PBXBuildFile; fileRef = 5055B0751CD1EDDD00E76204 /* WTJWebBrowserViewController.swift */; };
		5072935E1CCF47D4004B52EA /* MainVcSetting.json in Resources */ = {isa = PBXBuildFile; fileRef = 5072935D1CCF47D4004B52EA /* MainVcSetting.json */; };
		507293631CCF6802004B52EA /* CAlamofireClient.swift in Sources */ = {isa = PBXBuildFile; fileRef = 507293621CCF6802004B52EA /* CAlamofireClient.swift */; };
		60402CD81CD0F7BB00B0E1F0 /* ApiConfig.swift in Sources */ = {isa = PBXBuildFile; fileRef = 60402CD71CD0F7BB00B0E1F0 /* ApiConfig.swift */; };
		60402CDB1CD0FD3B00B0E1F0 /* TmallHomeCollectionViewCell.swift in Sources */ = {isa = PBXBuildFile; fileRef = 60402CD91CD0FD3B00B0E1F0 /* TmallHomeCollectionViewCell.swift */; };
		60402CDC1CD0FD3B00B0E1F0 /* TmallHomeCollectionViewCell.xib in Resources */ = {isa = PBXBuildFile; fileRef = 60402CDA1CD0FD3B00B0E1F0 /* TmallHomeCollectionViewCell.xib */; };
		60402CE11CD247AB00B0E1F0 /* WebViewController.swift in Sources */ = {isa = PBXBuildFile; fileRef = 60402CE01CD247AB00B0E1F0 /* WebViewController.swift */; };
/* End PBXBuildFile section */

/* Begin PBXContainerItemProxy section */
		504680241CCDFA4700F9B454 /* PBXContainerItemProxy */ = {
			isa = PBXContainerItemProxy;
			containerPortal = 504680071CCDFA4700F9B454 /* Project object */;
			proxyType = 1;
			remoteGlobalIDString = 5046800E1CCDFA4700F9B454;
			remoteInfo = "RRArt-Swift";
		};
		5046802F1CCDFA4700F9B454 /* PBXContainerItemProxy */ = {
			isa = PBXContainerItemProxy;
			containerPortal = 504680071CCDFA4700F9B454 /* Project object */;
			proxyType = 1;
			remoteGlobalIDString = 5046800E1CCDFA4700F9B454;
			remoteInfo = "RRArt-Swift";
		};
/* End PBXContainerItemProxy section */

/* Begin PBXCopyFilesBuildPhase section */
		5007F0B01CD0906B009FF19B /* CopyFiles */ = {
			isa = PBXCopyFilesBuildPhase;
			buildActionMask = 2147483647;
			dstPath = "";
			dstSubfolderSpec = 10;
			files = (
				5007F0B11CD0907F009FF19B /* Pods.framework in CopyFiles */,
			);
			runOnlyForDeploymentPostprocessing = 0;
		};
/* End PBXCopyFilesBuildPhase section */

/* Begin PBXFileReference section */
		0D1E06D2BCD50AEC55A117ED /* Pods.framework */ = {isa = PBXFileReference; explicitFileType = wrapper.framework; includeInIndex = 0; path = Pods.framework; sourceTree = BUILT_PRODUCTS_DIR; };
		5007F0AF1CD08D7D009FF19B /* RRArt-Bridge.h */ = {isa = PBXFileReference; lastKnownFileType = sourcecode.c.h; path = "RRArt-Bridge.h"; sourceTree = "<group>"; };
		5007F0B31CD09383009FF19B /* BaseTableView.swift */ = {isa = PBXFileReference; fileEncoding = 4; lastKnownFileType = sourcecode.swift; path = BaseTableView.swift; sourceTree = "<group>"; };
		5007F0B51CD093DA009FF19B /* BaseCollectionView.swift */ = {isa = PBXFileReference; fileEncoding = 4; lastKnownFileType = sourcecode.swift; path = BaseCollectionView.swift; sourceTree = "<group>"; };
		5007F0B71CD09405009FF19B /* TMallHomeView.swift */ = {isa = PBXFileReference; fileEncoding = 4; lastKnownFileType = sourcecode.swift; path = TMallHomeView.swift; sourceTree = "<group>"; };
		5007F0BC1CD0A4EF009FF19B /* TMallModels.swift */ = {isa = PBXFileReference; fileEncoding = 4; lastKnownFileType = sourcecode.swift; path = TMallModels.swift; sourceTree = "<group>"; };
		503BF3601CD2EE86001D53A5 /* NewfeatureCollectionViewController.swift */ = {isa = PBXFileReference; fileEncoding = 4; lastKnownFileType = sourcecode.swift; path = NewfeatureCollectionViewController.swift; sourceTree = "<group>"; };
		5046800F1CCDFA4700F9B454 /* RRArt-Swift.app */ = {isa = PBXFileReference; explicitFileType = wrapper.application; includeInIndex = 0; path = "RRArt-Swift.app"; sourceTree = BUILT_PRODUCTS_DIR; };
		504680121CCDFA4700F9B454 /* AppDelegate.swift */ = {isa = PBXFileReference; lastKnownFileType = sourcecode.swift; path = AppDelegate.swift; sourceTree = "<group>"; };
		504680141CCDFA4700F9B454 /* ViewController.swift */ = {isa = PBXFileReference; lastKnownFileType = sourcecode.swift; path = ViewController.swift; sourceTree = "<group>"; };
		504680171CCDFA4700F9B454 /* Base */ = {isa = PBXFileReference; lastKnownFileType = file.storyboard; name = Base; path = Base.lproj/Main.storyboard; sourceTree = "<group>"; };
		504680191CCDFA4700F9B454 /* Assets.xcassets */ = {isa = PBXFileReference; lastKnownFileType = folder.assetcatalog; path = Assets.xcassets; sourceTree = "<group>"; };
		5046801E1CCDFA4700F9B454 /* Info.plist */ = {isa = PBXFileReference; lastKnownFileType = text.plist.xml; path = Info.plist; sourceTree = "<group>"; };
		504680231CCDFA4700F9B454 /* RRArt-SwiftTests.xctest */ = {isa = PBXFileReference; explicitFileType = wrapper.cfbundle; includeInIndex = 0; path = "RRArt-SwiftTests.xctest"; sourceTree = BUILT_PRODUCTS_DIR; };
		504680271CCDFA4700F9B454 /* RRArt_SwiftTests.swift */ = {isa = PBXFileReference; lastKnownFileType = sourcecode.swift; path = RRArt_SwiftTests.swift; sourceTree = "<group>"; };
		504680291CCDFA4700F9B454 /* Info.plist */ = {isa = PBXFileReference; lastKnownFileType = text.plist.xml; path = Info.plist; sourceTree = "<group>"; };
		5046802E1CCDFA4700F9B454 /* RRArt-SwiftUITests.xctest */ = {isa = PBXFileReference; explicitFileType = wrapper.cfbundle; includeInIndex = 0; path = "RRArt-SwiftUITests.xctest"; sourceTree = BUILT_PRODUCTS_DIR; };
		504680321CCDFA4700F9B454 /* RRArt_SwiftUITests.swift */ = {isa = PBXFileReference; lastKnownFileType = sourcecode.swift; path = RRArt_SwiftUITests.swift; sourceTree = "<group>"; };
		504680341CCDFA4700F9B454 /* Info.plist */ = {isa = PBXFileReference; lastKnownFileType = text.plist.xml; path = Info.plist; sourceTree = "<group>"; };
		504680401CCDFC6100F9B454 /* Images.xcassets */ = {isa = PBXFileReference; lastKnownFileType = folder.assetcatalog; path = Images.xcassets; sourceTree = "<group>"; };
		5046804F1CCE043800F9B454 /* BaseViewController.swift */ = {isa = PBXFileReference; fileEncoding = 4; lastKnownFileType = sourcecode.swift; path = BaseViewController.swift; sourceTree = "<group>"; };
		504680511CCE04FE00F9B454 /* Comment_RootViewController.swift */ = {isa = PBXFileReference; fileEncoding = 4; lastKnownFileType = sourcecode.swift; path = Comment_RootViewController.swift; sourceTree = "<group>"; };
		504680531CCE051C00F9B454 /* Lesson_RootViewController.swift */ = {isa = PBXFileReference; fileEncoding = 4; lastKnownFileType = sourcecode.swift; path = Lesson_RootViewController.swift; sourceTree = "<group>"; };
		504680551CCE052F00F9B454 /* MyZone_RootViewController.swift */ = {isa = PBXFileReference; fileEncoding = 4; lastKnownFileType = sourcecode.swift; path = MyZone_RootViewController.swift; sourceTree = "<group>"; };
		504680571CCE054500F9B454 /* TMallHomeViewController.swift */ = {isa = PBXFileReference; fileEncoding = 4; lastKnownFileType = sourcecode.swift; path = TMallHomeViewController.swift; sourceTree = "<group>"; };
		504680591CCE055600F9B454 /* WebSchool_RootViewController.swift */ = {isa = PBXFileReference; fileEncoding = 4; lastKnownFileType = sourcecode.swift; path = WebSchool_RootViewController.swift; sourceTree = "<group>"; };
		5046805B1CCE05DC00F9B454 /* MainViewController.swift */ = {isa = PBXFileReference; fileEncoding = 4; lastKnownFileType = sourcecode.swift; path = MainViewController.swift; sourceTree = "<group>"; };
		5046805D1CCE07BA00F9B454 /* TopWindowViewController.swift */ = {isa = PBXFileReference; fileEncoding = 4; lastKnownFileType = sourcecode.swift; path = TopWindowViewController.swift; sourceTree = "<group>"; };
		5046805F1CCE15B600F9B454 /* BaseNavigationViewController.swift */ = {isa = PBXFileReference; fileEncoding = 4; lastKnownFileType = sourcecode.swift; path = BaseNavigationViewController.swift; sourceTree = "<group>"; };
		504E69D11CD048BA002CB284 /* CAlamofireManager.swift */ = {isa = PBXFileReference; fileEncoding = 4; lastKnownFileType = sourcecode.swift; path = CAlamofireManager.swift; sourceTree = "<group>"; };
		5055B0631CD1A2B000E76204 /* UIView+Frame.h */ = {isa = PBXFileReference; fileEncoding = 4; lastKnownFileType = sourcecode.c.h; path = "UIView+Frame.h"; sourceTree = "<group>"; };
		5055B0641CD1A2B000E76204 /* UIView+Frame.m */ = {isa = PBXFileReference; fileEncoding = 4; lastKnownFileType = sourcecode.c.objc; path = "UIView+Frame.m"; sourceTree = "<group>"; };
		5055B0651CD1A2B000E76204 /* YZDisplayTitleLabel.h */ = {isa = PBXFileReference; fileEncoding = 4; lastKnownFileType = sourcecode.c.h; path = YZDisplayTitleLabel.h; sourceTree = "<group>"; };
		5055B0661CD1A2B000E76204 /* YZDisplayTitleLabel.m */ = {isa = PBXFileReference; fileEncoding = 4; lastKnownFileType = sourcecode.c.objc; path = YZDisplayTitleLabel.m; sourceTree = "<group>"; };
		5055B0671CD1A2B000E76204 /* YZDisplayViewController.h */ = {isa = PBXFileReference; fileEncoding = 4; lastKnownFileType = sourcecode.c.h; path = YZDisplayViewController.h; sourceTree = "<group>"; };
		5055B0681CD1A2B000E76204 /* YZDisplayViewController.m */ = {isa = PBXFileReference; fileEncoding = 4; lastKnownFileType = sourcecode.c.objc; path = YZDisplayViewController.m; sourceTree = "<group>"; };
		5055B0691CD1A2B000E76204 /* YZDisplayViewHeader.h */ = {isa = PBXFileReference; fileEncoding = 4; lastKnownFileType = sourcecode.c.h; path = YZDisplayViewHeader.h; sourceTree = "<group>"; };
		5055B06A1CD1A2B000E76204 /* YZFlowLayout.h */ = {isa = PBXFileReference; fileEncoding = 4; lastKnownFileType = sourcecode.c.h; path = YZFlowLayout.h; sourceTree = "<group>"; };
		5055B06B1CD1A2B000E76204 /* YZFlowLayout.m */ = {isa = PBXFileReference; fileEncoding = 4; lastKnownFileType = sourcecode.c.objc; path = YZFlowLayout.m; sourceTree = "<group>"; };
		5055B0701CD1A3AB00E76204 /* TMallMenu_RootViewController.swift */ = {isa = PBXFileReference; fileEncoding = 4; lastKnownFileType = sourcecode.swift; path = TMallMenu_RootViewController.swift; sourceTree = "<group>"; };
		5055B0721CD1B7B500E76204 /* TmallTooBarData.json */ = {isa = PBXFileReference; fileEncoding = 4; lastKnownFileType = text.json; path = TmallTooBarData.json; sourceTree = "<group>"; };
		5055B0751CD1EDDD00E76204 /* WTJWebBrowserViewController.swift */ = {isa = PBXFileReference; fileEncoding = 4; lastKnownFileType = sourcecode.swift; path = WTJWebBrowserViewController.swift; sourceTree = "<group>"; };
		5072935D1CCF47D4004B52EA /* MainVcSetting.json */ = {isa = PBXFileReference; fileEncoding = 4; lastKnownFileType = text.json; path = MainVcSetting.json; sourceTree = "<group>"; };
		507293621CCF6802004B52EA /* CAlamofireClient.swift */ = {isa = PBXFileReference; fileEncoding = 4; lastKnownFileType = sourcecode.swift; path = CAlamofireClient.swift; sourceTree = "<group>"; };
		60402CD71CD0F7BB00B0E1F0 /* ApiConfig.swift */ = {isa = PBXFileReference; fileEncoding = 4; lastKnownFileType = sourcecode.swift; path = ApiConfig.swift; sourceTree = "<group>"; };
		60402CD91CD0FD3B00B0E1F0 /* TmallHomeCollectionViewCell.swift */ = {isa = PBXFileReference; fileEncoding = 4; lastKnownFileType = sourcecode.swift; name = TmallHomeCollectionViewCell.swift; path = "RRArt-Swift/Classes/Main/TmallHomeCollectionViewCell.swift"; sourceTree = SOURCE_ROOT; };
		60402CDA1CD0FD3B00B0E1F0 /* TmallHomeCollectionViewCell.xib */ = {isa = PBXFileReference; fileEncoding = 4; lastKnownFileType = file.xib; name = TmallHomeCollectionViewCell.xib; path = "RRArt-Swift/Classes/Main/TmallHomeCollectionViewCell.xib"; sourceTree = SOURCE_ROOT; };
		60402CE01CD247AB00B0E1F0 /* WebViewController.swift */ = {isa = PBXFileReference; fileEncoding = 4; lastKnownFileType = sourcecode.swift; path = WebViewController.swift; sourceTree = "<group>"; };
		BD53D1EFB1D50420AC613BE9 /* Pods.release.xcconfig */ = {isa = PBXFileReference; includeInIndex = 1; lastKnownFileType = text.xcconfig; name = Pods.release.xcconfig; path = "Pods/Target Support Files/Pods/Pods.release.xcconfig"; sourceTree = "<group>"; };
		E73770F50F54CE6E43C717BC /* Pods.debug.xcconfig */ = {isa = PBXFileReference; includeInIndex = 1; lastKnownFileType = text.xcconfig; name = Pods.debug.xcconfig; path = "Pods/Target Support Files/Pods/Pods.debug.xcconfig"; sourceTree = "<group>"; };
/* End PBXFileReference section */

/* Begin PBXFrameworksBuildPhase section */
		5046800C1CCDFA4700F9B454 /* Frameworks */ = {
			isa = PBXFrameworksBuildPhase;
			buildActionMask = 2147483647;
			files = (
				18522768EF19C0601118ADC2 /* Pods.framework in Frameworks */,
			);
			runOnlyForDeploymentPostprocessing = 0;
		};
		504680201CCDFA4700F9B454 /* Frameworks */ = {
			isa = PBXFrameworksBuildPhase;
			buildActionMask = 2147483647;
			files = (
			);
			runOnlyForDeploymentPostprocessing = 0;
		};
		5046802B1CCDFA4700F9B454 /* Frameworks */ = {
			isa = PBXFrameworksBuildPhase;
			buildActionMask = 2147483647;
			files = (
			);
			runOnlyForDeploymentPostprocessing = 0;
		};
/* End PBXFrameworksBuildPhase section */

/* Begin PBXGroup section */
		25B2AD58A7DBE0EB86756306 /* Pods */ = {
			isa = PBXGroup;
			children = (
				E73770F50F54CE6E43C717BC /* Pods.debug.xcconfig */,
				BD53D1EFB1D50420AC613BE9 /* Pods.release.xcconfig */,
			);
			name = Pods;
			sourceTree = "<group>";
		};
		4C470E1098313EE0B91FC98F /* Frameworks */ = {
			isa = PBXGroup;
			children = (
				0D1E06D2BCD50AEC55A117ED /* Pods.framework */,
			);
			name = Frameworks;
			sourceTree = "<group>";
		};
		5007F0B21CD09344009FF19B /* TmallView */ = {
			isa = PBXGroup;
			children = (
				5007F0BB1CD0A4D6009FF19B /* TmallViewCell */,
				5007F0B71CD09405009FF19B /* TMallHomeView.swift */,
			);
			path = TmallView;
			sourceTree = "<group>";
		};
		5007F0BA1CD0A47D009FF19B /* TmallModels */ = {
			isa = PBXGroup;
			children = (
				5007F0BC1CD0A4EF009FF19B /* TMallModels.swift */,
			);
			path = TmallModels;
			sourceTree = "<group>";
		};
		5007F0BB1CD0A4D6009FF19B /* TmallViewCell */ = {
			isa = PBXGroup;
			children = (
				60402CD91CD0FD3B00B0E1F0 /* TmallHomeCollectionViewCell.swift */,
				60402CDA1CD0FD3B00B0E1F0 /* TmallHomeCollectionViewCell.xib */,
			);
			path = TmallViewCell;
			sourceTree = "<group>";
		};
		503BF35F1CD2EDF4001D53A5 /* Newfeature */ = {
			isa = PBXGroup;
			children = (
				503BF3601CD2EE86001D53A5 /* NewfeatureCollectionViewController.swift */,
			);
			path = Newfeature;
			sourceTree = "<group>";
		};
		504680061CCDFA4700F9B454 = {
			isa = PBXGroup;
			children = (
				504680111CCDFA4700F9B454 /* RRArt-Swift */,
				504680261CCDFA4700F9B454 /* RRArt-SwiftTests */,
				504680311CCDFA4700F9B454 /* RRArt-SwiftUITests */,
				504680101CCDFA4700F9B454 /* Products */,
				25B2AD58A7DBE0EB86756306 /* Pods */,
				4C470E1098313EE0B91FC98F /* Frameworks */,
			);
			sourceTree = "<group>";
		};
		504680101CCDFA4700F9B454 /* Products */ = {
			isa = PBXGroup;
			children = (
				5046800F1CCDFA4700F9B454 /* RRArt-Swift.app */,
				504680231CCDFA4700F9B454 /* RRArt-SwiftTests.xctest */,
				5046802E1CCDFA4700F9B454 /* RRArt-SwiftUITests.xctest */,
			);
			name = Products;
			sourceTree = "<group>";
		};
		504680111CCDFA4700F9B454 /* RRArt-Swift */ = {
			isa = PBXGroup;
			children = (
				504680121CCDFA4700F9B454 /* AppDelegate.swift */,
				504680141CCDFA4700F9B454 /* ViewController.swift */,
				504680161CCDFA4700F9B454 /* Main.storyboard */,
				5007F0AF1CD08D7D009FF19B /* RRArt-Bridge.h */,
				504680421CCE017A00F9B454 /* Classes */,
				504680191CCDFA4700F9B454 /* Assets.xcassets */,
				5046801E1CCDFA4700F9B454 /* Info.plist */,
				504680401CCDFC6100F9B454 /* Images.xcassets */,
			);
			path = "RRArt-Swift";
			sourceTree = "<group>";
		};
		504680261CCDFA4700F9B454 /* RRArt-SwiftTests */ = {
			isa = PBXGroup;
			children = (
				504680271CCDFA4700F9B454 /* RRArt_SwiftTests.swift */,
				504680291CCDFA4700F9B454 /* Info.plist */,
			);
			path = "RRArt-SwiftTests";
			sourceTree = "<group>";
		};
		504680311CCDFA4700F9B454 /* RRArt-SwiftUITests */ = {
			isa = PBXGroup;
			children = (
				504680321CCDFA4700F9B454 /* RRArt_SwiftUITests.swift */,
				504680341CCDFA4700F9B454 /* Info.plist */,
			);
			path = "RRArt-SwiftUITests";
			sourceTree = "<group>";
		};
		504680421CCE017A00F9B454 /* Classes */ = {
			isa = PBXGroup;
			children = (
				503BF35F1CD2EDF4001D53A5 /* Newfeature */,
				5072935F1CCF656D004B52EA /* Utils */,
				5046804A1CCE03A900F9B454 /* Comment */,
				5046804B1CCE03A900F9B454 /* Lesson */,
				5046804C1CCE03A900F9B454 /* MyZone */,
				5046804D1CCE03A900F9B454 /* TMall */,
				5046804E1CCE03A900F9B454 /* WebSchool */,
				504680441CCE026200F9B454 /* Main */,
				504680431CCE01C700F9B454 /* Vendor */,
			);
			path = Classes;
			sourceTree = "<group>";
		};
		504680431CCE01C700F9B454 /* Vendor */ = {
			isa = PBXGroup;
			children = (
				5055B0741CD1ED7200E76204 /* WTJWebBrowser */,
				5055B0621CD1A2B000E76204 /* YZDisplayViewController */,
			);
			path = Vendor;
			sourceTree = "<group>";
		};
		504680441CCE026200F9B454 /* Main */ = {
			isa = PBXGroup;
			children = (
				5072935C1CCF47AD004B52EA /* Resource */,
				5046804F1CCE043800F9B454 /* BaseViewController.swift */,
				5046805F1CCE15B600F9B454 /* BaseNavigationViewController.swift */,
				5007F0B31CD09383009FF19B /* BaseTableView.swift */,
				5007F0B51CD093DA009FF19B /* BaseCollectionView.swift */,
				5046805D1CCE07BA00F9B454 /* TopWindowViewController.swift */,
				5046805B1CCE05DC00F9B454 /* MainViewController.swift */,
			);
			path = Main;
			sourceTree = "<group>";
		};
		5046804A1CCE03A900F9B454 /* Comment */ = {
			isa = PBXGroup;
			children = (
				504680511CCE04FE00F9B454 /* Comment_RootViewController.swift */,
			);
			path = Comment;
			sourceTree = "<group>";
		};
		5046804B1CCE03A900F9B454 /* Lesson */ = {
			isa = PBXGroup;
			children = (
				504680531CCE051C00F9B454 /* Lesson_RootViewController.swift */,
			);
			path = Lesson;
			sourceTree = "<group>";
		};
		5046804C1CCE03A900F9B454 /* MyZone */ = {
			isa = PBXGroup;
			children = (
				504680551CCE052F00F9B454 /* MyZone_RootViewController.swift */,
			);
			path = MyZone;
			sourceTree = "<group>";
		};
		5046804D1CCE03A900F9B454 /* TMall */ = {
			isa = PBXGroup;
			children = (
				60402CD11CD0F69600B0E1F0 /* TmallResource */,
				5007F0BA1CD0A47D009FF19B /* TmallModels */,
				5007F0B21CD09344009FF19B /* TmallView */,
				504680571CCE054500F9B454 /* TMallHomeViewController.swift */,
				5055B0701CD1A3AB00E76204 /* TMallMenu_RootViewController.swift */,
			);
			path = TMall;
			sourceTree = "<group>";
		};
		5046804E1CCE03A900F9B454 /* WebSchool */ = {
			isa = PBXGroup;
			children = (
				504680591CCE055600F9B454 /* WebSchool_RootViewController.swift */,
			);
			path = WebSchool;
			sourceTree = "<group>";
		};
		5055B0621CD1A2B000E76204 /* YZDisplayViewController */ = {
			isa = PBXGroup;
			children = (
				5055B0631CD1A2B000E76204 /* UIView+Frame.h */,
				5055B0641CD1A2B000E76204 /* UIView+Frame.m */,
				5055B0651CD1A2B000E76204 /* YZDisplayTitleLabel.h */,
				5055B0661CD1A2B000E76204 /* YZDisplayTitleLabel.m */,
				5055B0671CD1A2B000E76204 /* YZDisplayViewController.h */,
				5055B0681CD1A2B000E76204 /* YZDisplayViewController.m */,
				5055B0691CD1A2B000E76204 /* YZDisplayViewHeader.h */,
				5055B06A1CD1A2B000E76204 /* YZFlowLayout.h */,
				5055B06B1CD1A2B000E76204 /* YZFlowLayout.m */,
			);
			path = YZDisplayViewController;
			sourceTree = "<group>";
		};
		5055B0741CD1ED7200E76204 /* WTJWebBrowser */ = {
			isa = PBXGroup;
			children = (
				5055B0751CD1EDDD00E76204 /* WTJWebBrowserViewController.swift */,
			);
			path = WTJWebBrowser;
			sourceTree = "<group>";
		};
		5072935C1CCF47AD004B52EA /* Resource */ = {
			isa = PBXGroup;
			children = (
				5072935D1CCF47D4004B52EA /* MainVcSetting.json */,
			);
			path = Resource;
			sourceTree = "<group>";
		};
		5072935F1CCF656D004B52EA /* Utils */ = {
			isa = PBXGroup;
			children = (
				507293601CCF65CD004B52EA /* Manager */,
			);
			path = Utils;
			sourceTree = "<group>";
		};
		507293601CCF65CD004B52EA /* Manager */ = {
			isa = PBXGroup;
			children = (
				60402CDF1CD2474A00B0E1F0 /* WebVcManager */,
				507293611CCF6610004B52EA /* AlamofireManager */,
			);
			path = Manager;
			sourceTree = "<group>";
		};
		507293611CCF6610004B52EA /* AlamofireManager */ = {
			isa = PBXGroup;
			children = (
				504E69D11CD048BA002CB284 /* CAlamofireManager.swift */,
				507293621CCF6802004B52EA /* CAlamofireClient.swift */,
				60402CD71CD0F7BB00B0E1F0 /* ApiConfig.swift */,
			);
			path = AlamofireManager;
			sourceTree = "<group>";
		};
		60402CD11CD0F69600B0E1F0 /* TmallResource */ = {
			isa = PBXGroup;
			children = (
				5055B0721CD1B7B500E76204 /* TmallTooBarData.json */,
			);
			path = TmallResource;
			sourceTree = "<group>";
		};
		60402CDF1CD2474A00B0E1F0 /* WebVcManager */ = {
			isa = PBXGroup;
			children = (
				60402CE01CD247AB00B0E1F0 /* WebViewController.swift */,
			);
			path = WebVcManager;
			sourceTree = "<group>";
		};
/* End PBXGroup section */

/* Begin PBXNativeTarget section */
		5046800E1CCDFA4700F9B454 /* RRArt-Swift */ = {
			isa = PBXNativeTarget;
			buildConfigurationList = 504680371CCDFA4700F9B454 /* Build configuration list for PBXNativeTarget "RRArt-Swift" */;
			buildPhases = (
				8BC76A60E07DDEA85AA34358 /* Check Pods Manifest.lock */,
				5046800B1CCDFA4700F9B454 /* Sources */,
				5046800C1CCDFA4700F9B454 /* Frameworks */,
				5046800D1CCDFA4700F9B454 /* Resources */,
				3FF394A4F0708D04BAE2B07B /* Embed Pods Frameworks */,
				AFD0B12F8C15891E40CFAB7A /* Copy Pods Resources */,
				5007F0B01CD0906B009FF19B /* CopyFiles */,
			);
			buildRules = (
			);
			dependencies = (
			);
			name = "RRArt-Swift";
			productName = "RRArt-Swift";
			productReference = 5046800F1CCDFA4700F9B454 /* RRArt-Swift.app */;
			productType = "com.apple.product-type.application";
		};
		504680221CCDFA4700F9B454 /* RRArt-SwiftTests */ = {
			isa = PBXNativeTarget;
			buildConfigurationList = 5046803A1CCDFA4700F9B454 /* Build configuration list for PBXNativeTarget "RRArt-SwiftTests" */;
			buildPhases = (
				5046801F1CCDFA4700F9B454 /* Sources */,
				504680201CCDFA4700F9B454 /* Frameworks */,
				504680211CCDFA4700F9B454 /* Resources */,
			);
			buildRules = (
			);
			dependencies = (
				504680251CCDFA4700F9B454 /* PBXTargetDependency */,
			);
			name = "RRArt-SwiftTests";
			productName = "RRArt-SwiftTests";
			productReference = 504680231CCDFA4700F9B454 /* RRArt-SwiftTests.xctest */;
			productType = "com.apple.product-type.bundle.unit-test";
		};
		5046802D1CCDFA4700F9B454 /* RRArt-SwiftUITests */ = {
			isa = PBXNativeTarget;
			buildConfigurationList = 5046803D1CCDFA4700F9B454 /* Build configuration list for PBXNativeTarget "RRArt-SwiftUITests" */;
			buildPhases = (
				5046802A1CCDFA4700F9B454 /* Sources */,
				5046802B1CCDFA4700F9B454 /* Frameworks */,
				5046802C1CCDFA4700F9B454 /* Resources */,
			);
			buildRules = (
			);
			dependencies = (
				504680301CCDFA4700F9B454 /* PBXTargetDependency */,
			);
			name = "RRArt-SwiftUITests";
			productName = "RRArt-SwiftUITests";
			productReference = 5046802E1CCDFA4700F9B454 /* RRArt-SwiftUITests.xctest */;
			productType = "com.apple.product-type.bundle.ui-testing";
		};
/* End PBXNativeTarget section */

/* Begin PBXProject section */
		504680071CCDFA4700F9B454 /* Project object */ = {
			isa = PBXProject;
			attributes = {
				LastSwiftUpdateCheck = 0730;
				LastUpgradeCheck = 0730;
				ORGANIZATIONNAME = com.yibei.renrenmeishu;
				TargetAttributes = {
					5046800E1CCDFA4700F9B454 = {
						CreatedOnToolsVersion = 7.3;
					};
					504680221CCDFA4700F9B454 = {
						CreatedOnToolsVersion = 7.3;
						TestTargetID = 5046800E1CCDFA4700F9B454;
					};
					5046802D1CCDFA4700F9B454 = {
						CreatedOnToolsVersion = 7.3;
						TestTargetID = 5046800E1CCDFA4700F9B454;
					};
				};
			};
			buildConfigurationList = 5046800A1CCDFA4700F9B454 /* Build configuration list for PBXProject "RRArt-Swift" */;
			compatibilityVersion = "Xcode 3.2";
			developmentRegion = English;
			hasScannedForEncodings = 0;
			knownRegions = (
				en,
				Base,
			);
			mainGroup = 504680061CCDFA4700F9B454;
			productRefGroup = 504680101CCDFA4700F9B454 /* Products */;
			projectDirPath = "";
			projectRoot = "";
			targets = (
				5046800E1CCDFA4700F9B454 /* RRArt-Swift */,
				504680221CCDFA4700F9B454 /* RRArt-SwiftTests */,
				5046802D1CCDFA4700F9B454 /* RRArt-SwiftUITests */,
			);
		};
/* End PBXProject section */

/* Begin PBXResourcesBuildPhase section */
		5046800D1CCDFA4700F9B454 /* Resources */ = {
			isa = PBXResourcesBuildPhase;
			buildActionMask = 2147483647;
			files = (
				504680411CCDFC6100F9B454 /* Images.xcassets in Resources */,
				5046801A1CCDFA4700F9B454 /* Assets.xcassets in Resources */,
				60402CDC1CD0FD3B00B0E1F0 /* TmallHomeCollectionViewCell.xib in Resources */,
				5055B0731CD1B7B500E76204 /* TmallTooBarData.json in Resources */,
				5072935E1CCF47D4004B52EA /* MainVcSetting.json in Resources */,
				504680181CCDFA4700F9B454 /* Main.storyboard in Resources */,
			);
			runOnlyForDeploymentPostprocessing = 0;
		};
		504680211CCDFA4700F9B454 /* Resources */ = {
			isa = PBXResourcesBuildPhase;
			buildActionMask = 2147483647;
			files = (
			);
			runOnlyForDeploymentPostprocessing = 0;
		};
		5046802C1CCDFA4700F9B454 /* Resources */ = {
			isa = PBXResourcesBuildPhase;
			buildActionMask = 2147483647;
			files = (
			);
			runOnlyForDeploymentPostprocessing = 0;
		};
/* End PBXResourcesBuildPhase section */

/* Begin PBXShellScriptBuildPhase section */
		3FF394A4F0708D04BAE2B07B /* Embed Pods Frameworks */ = {
			isa = PBXShellScriptBuildPhase;
			buildActionMask = 2147483647;
			files = (
			);
			inputPaths = (
			);
			name = "Embed Pods Frameworks";
			outputPaths = (
			);
			runOnlyForDeploymentPostprocessing = 0;
			shellPath = /bin/sh;
			shellScript = "\"${SRCROOT}/Pods/Target Support Files/Pods/Pods-frameworks.sh\"\n";
			showEnvVarsInLog = 0;
		};
		8BC76A60E07DDEA85AA34358 /* Check Pods Manifest.lock */ = {
			isa = PBXShellScriptBuildPhase;
			buildActionMask = 2147483647;
			files = (
			);
			inputPaths = (
			);
			name = "Check Pods Manifest.lock";
			outputPaths = (
			);
			runOnlyForDeploymentPostprocessing = 0;
			shellPath = /bin/sh;
			shellScript = "diff \"${PODS_ROOT}/../Podfile.lock\" \"${PODS_ROOT}/Manifest.lock\" > /dev/null\nif [[ $? != 0 ]] ; then\n    cat << EOM\nerror: The sandbox is not in sync with the Podfile.lock. Run 'pod install' or update your CocoaPods installation.\nEOM\n    exit 1\nfi\n";
			showEnvVarsInLog = 0;
		};
		AFD0B12F8C15891E40CFAB7A /* Copy Pods Resources */ = {
			isa = PBXShellScriptBuildPhase;
			buildActionMask = 2147483647;
			files = (
			);
			inputPaths = (
			);
			name = "Copy Pods Resources";
			outputPaths = (
			);
			runOnlyForDeploymentPostprocessing = 0;
			shellPath = /bin/sh;
			shellScript = "\"${SRCROOT}/Pods/Target Support Files/Pods/Pods-resources.sh\"\n";
			showEnvVarsInLog = 0;
		};
/* End PBXShellScriptBuildPhase section */

/* Begin PBXSourcesBuildPhase section */
		5046800B1CCDFA4700F9B454 /* Sources */ = {
			isa = PBXSourcesBuildPhase;
			buildActionMask = 2147483647;
			files = (
				504680601CCE15B600F9B454 /* BaseNavigationViewController.swift in Sources */,
				5046805E1CCE07BA00F9B454 /* TopWindowViewController.swift in Sources */,
				504680521CCE04FE00F9B454 /* Comment_RootViewController.swift in Sources */,
				504E69D21CD048BA002CB284 /* CAlamofireManager.swift in Sources */,
				5046805A1CCE055600F9B454 /* WebSchool_RootViewController.swift in Sources */,
				504680541CCE051C00F9B454 /* Lesson_RootViewController.swift in Sources */,
				5055B0761CD1EDDD00E76204 /* WTJWebBrowserViewController.swift in Sources */,
				504680581CCE054500F9B454 /* TMallHomeViewController.swift in Sources */,
				5055B06F1CD1A2B000E76204 /* YZFlowLayout.m in Sources */,
				504680561CCE052F00F9B454 /* MyZone_RootViewController.swift in Sources */,
				5055B06C1CD1A2B000E76204 /* UIView+Frame.m in Sources */,
				60402CE11CD247AB00B0E1F0 /* WebViewController.swift in Sources */,
				60402CDB1CD0FD3B00B0E1F0 /* TmallHomeCollectionViewCell.swift in Sources */,
				60402CD81CD0F7BB00B0E1F0 /* ApiConfig.swift in Sources */,
				5007F0B41CD09383009FF19B /* BaseTableView.swift in Sources */,
				507293631CCF6802004B52EA /* CAlamofireClient.swift in Sources */,
				5055B06D1CD1A2B000E76204 /* YZDisplayTitleLabel.m in Sources */,
				504680151CCDFA4700F9B454 /* ViewController.swift in Sources */,
				5046805C1CCE05DC00F9B454 /* MainViewController.swift in Sources */,
				5007F0B81CD09405009FF19B /* TMallHomeView.swift in Sources */,
				503BF3611CD2EE86001D53A5 /* NewfeatureCollectionViewController.swift in Sources */,
				504680131CCDFA4700F9B454 /* AppDelegate.swift in Sources */,
				504680501CCE043800F9B454 /* BaseViewController.swift in Sources */,
				5007F0B61CD093DA009FF19B /* BaseCollectionView.swift in Sources */,
				5055B06E1CD1A2B000E76204 /* YZDisplayViewController.m in Sources */,
				5055B0711CD1A3AB00E76204 /* TMallMenu_RootViewController.swift in Sources */,
				5007F0BD1CD0A4EF009FF19B /* TMallModels.swift in Sources */,
			);
			runOnlyForDeploymentPostprocessing = 0;
		};
		5046801F1CCDFA4700F9B454 /* Sources */ = {
			isa = PBXSourcesBuildPhase;
			buildActionMask = 2147483647;
			files = (
				504680281CCDFA4700F9B454 /* RRArt_SwiftTests.swift in Sources */,
			);
			runOnlyForDeploymentPostprocessing = 0;
		};
		5046802A1CCDFA4700F9B454 /* Sources */ = {
			isa = PBXSourcesBuildPhase;
			buildActionMask = 2147483647;
			files = (
				504680331CCDFA4700F9B454 /* RRArt_SwiftUITests.swift in Sources */,
			);
			runOnlyForDeploymentPostprocessing = 0;
		};
/* End PBXSourcesBuildPhase section */

/* Begin PBXTargetDependency section */
		504680251CCDFA4700F9B454 /* PBXTargetDependency */ = {
			isa = PBXTargetDependency;
			target = 5046800E1CCDFA4700F9B454 /* RRArt-Swift */;
			targetProxy = 504680241CCDFA4700F9B454 /* PBXContainerItemProxy */;
		};
		504680301CCDFA4700F9B454 /* PBXTargetDependency */ = {
			isa = PBXTargetDependency;
			target = 5046800E1CCDFA4700F9B454 /* RRArt-Swift */;
			targetProxy = 5046802F1CCDFA4700F9B454 /* PBXContainerItemProxy */;
		};
/* End PBXTargetDependency section */

/* Begin PBXVariantGroup section */
		504680161CCDFA4700F9B454 /* Main.storyboard */ = {
			isa = PBXVariantGroup;
			children = (
				504680171CCDFA4700F9B454 /* Base */,
			);
			name = Main.storyboard;
			sourceTree = "<group>";
		};
/* End PBXVariantGroup section */

/* Begin XCBuildConfiguration section */
		504680351CCDFA4700F9B454 /* Debug */ = {
			isa = XCBuildConfiguration;
			buildSettings = {
				ALWAYS_SEARCH_USER_PATHS = NO;
				CLANG_ANALYZER_NONNULL = YES;
				CLANG_CXX_LANGUAGE_STANDARD = "gnu++0x";
				CLANG_CXX_LIBRARY = "libc++";
				CLANG_ENABLE_MODULES = YES;
				CLANG_ENABLE_OBJC_ARC = YES;
				CLANG_WARN_BOOL_CONVERSION = YES;
				CLANG_WARN_CONSTANT_CONVERSION = YES;
				CLANG_WARN_DIRECT_OBJC_ISA_USAGE = YES_ERROR;
				CLANG_WARN_EMPTY_BODY = YES;
				CLANG_WARN_ENUM_CONVERSION = YES;
				CLANG_WARN_INT_CONVERSION = YES;
				CLANG_WARN_OBJC_ROOT_CLASS = YES_ERROR;
				CLANG_WARN_UNREACHABLE_CODE = YES;
				CLANG_WARN__DUPLICATE_METHOD_MATCH = YES;
				"CODE_SIGN_IDENTITY[sdk=iphoneos*]" = "iPhone Developer";
				COPY_PHASE_STRIP = NO;
				DEBUG_INFORMATION_FORMAT = dwarf;
				ENABLE_STRICT_OBJC_MSGSEND = YES;
				ENABLE_TESTABILITY = YES;
				GCC_C_LANGUAGE_STANDARD = gnu99;
				GCC_DYNAMIC_NO_PIC = NO;
				GCC_NO_COMMON_BLOCKS = YES;
				GCC_OPTIMIZATION_LEVEL = 0;
				GCC_PREPROCESSOR_DEFINITIONS = (
					"DEBUG=1",
					"$(inherited)",
				);
				GCC_WARN_64_TO_32_BIT_CONVERSION = YES;
				GCC_WARN_ABOUT_RETURN_TYPE = YES_ERROR;
				GCC_WARN_UNDECLARED_SELECTOR = YES;
				GCC_WARN_UNINITIALIZED_AUTOS = YES_AGGRESSIVE;
				GCC_WARN_UNUSED_FUNCTION = YES;
				GCC_WARN_UNUSED_VARIABLE = YES;
				IPHONEOS_DEPLOYMENT_TARGET = 9.3;
				MTL_ENABLE_DEBUG_INFO = YES;
				ONLY_ACTIVE_ARCH = YES;
				SDKROOT = iphoneos;
				SWIFT_OPTIMIZATION_LEVEL = "-Onone";
			};
			name = Debug;
		};
		504680361CCDFA4700F9B454 /* Release */ = {
			isa = XCBuildConfiguration;
			buildSettings = {
				ALWAYS_SEARCH_USER_PATHS = NO;
				CLANG_ANALYZER_NONNULL = YES;
				CLANG_CXX_LANGUAGE_STANDARD = "gnu++0x";
				CLANG_CXX_LIBRARY = "libc++";
				CLANG_ENABLE_MODULES = YES;
				CLANG_ENABLE_OBJC_ARC = YES;
				CLANG_WARN_BOOL_CONVERSION = YES;
				CLANG_WARN_CONSTANT_CONVERSION = YES;
				CLANG_WARN_DIRECT_OBJC_ISA_USAGE = YES_ERROR;
				CLANG_WARN_EMPTY_BODY = YES;
				CLANG_WARN_ENUM_CONVERSION = YES;
				CLANG_WARN_INT_CONVERSION = YES;
				CLANG_WARN_OBJC_ROOT_CLASS = YES_ERROR;
				CLANG_WARN_UNREACHABLE_CODE = YES;
				CLANG_WARN__DUPLICATE_METHOD_MATCH = YES;
				"CODE_SIGN_IDENTITY[sdk=iphoneos*]" = "iPhone Developer";
				COPY_PHASE_STRIP = NO;
				DEBUG_INFORMATION_FORMAT = "dwarf-with-dsym";
				ENABLE_NS_ASSERTIONS = NO;
				ENABLE_STRICT_OBJC_MSGSEND = YES;
				GCC_C_LANGUAGE_STANDARD = gnu99;
				GCC_NO_COMMON_BLOCKS = YES;
				GCC_WARN_64_TO_32_BIT_CONVERSION = YES;
				GCC_WARN_ABOUT_RETURN_TYPE = YES_ERROR;
				GCC_WARN_UNDECLARED_SELECTOR = YES;
				GCC_WARN_UNINITIALIZED_AUTOS = YES_AGGRESSIVE;
				GCC_WARN_UNUSED_FUNCTION = YES;
				GCC_WARN_UNUSED_VARIABLE = YES;
				IPHONEOS_DEPLOYMENT_TARGET = 9.3;
				MTL_ENABLE_DEBUG_INFO = NO;
				SDKROOT = iphoneos;
				VALIDATE_PRODUCT = YES;
			};
			name = Release;
		};
		504680381CCDFA4700F9B454 /* Debug */ = {
			isa = XCBuildConfiguration;
			baseConfigurationReference = E73770F50F54CE6E43C717BC /* Pods.debug.xcconfig */;
			buildSettings = {
				ASSETCATALOG_COMPILER_APPICON_NAME = AppIcon;
				ASSETCATALOG_COMPILER_LAUNCHIMAGE_NAME = LaunchImage;
				INFOPLIST_FILE = "RRArt-Swift/Info.plist";
				IPHONEOS_DEPLOYMENT_TARGET = 9.0;
				LD_RUNPATH_SEARCH_PATHS = "$(inherited) @executable_path/Frameworks";
				OTHER_LDFLAGS = (
					"$(inherited)",
					"-framework",
					"\"Alamofire\"",
					"-all_load",
				);
				PRODUCT_BUNDLE_IDENTIFIER = "com.yibei.renrenmeishu.RRArt-Swift";
				PRODUCT_NAME = "$(TARGET_NAME)";
				SWIFT_OBJC_BRIDGING_HEADER = "RRArt-Swift/RRArt-Bridge.h";
			};
			name = Debug;
		};
		504680391CCDFA4700F9B454 /* Release */ = {
			isa = XCBuildConfiguration;
			baseConfigurationReference = BD53D1EFB1D50420AC613BE9 /* Pods.release.xcconfig */;
			buildSettings = {
				ASSETCATALOG_COMPILER_APPICON_NAME = AppIcon;
				ASSETCATALOG_COMPILER_LAUNCHIMAGE_NAME = LaunchImage;
				INFOPLIST_FILE = "RRArt-Swift/Info.plist";
				IPHONEOS_DEPLOYMENT_TARGET = 9.0;
				LD_RUNPATH_SEARCH_PATHS = "$(inherited) @executable_path/Frameworks";
				OTHER_LDFLAGS = (
					"$(inherited)",
					"-framework",
					"\"Alamofire\"",
					"-all_load",
				);
				PRODUCT_BUNDLE_IDENTIFIER = "com.yibei.renrenmeishu.RRArt-Swift";
				PRODUCT_NAME = "$(TARGET_NAME)";
				SWIFT_OBJC_BRIDGING_HEADER = "RRArt-Swift/RRArt-Bridge.h";
			};
			name = Release;
		};
		5046803B1CCDFA4700F9B454 /* Debug */ = {
			isa = XCBuildConfiguration;
			buildSettings = {
				BUNDLE_LOADER = "$(TEST_HOST)";
				INFOPLIST_FILE = "RRArt-SwiftTests/Info.plist";
				LD_RUNPATH_SEARCH_PATHS = "$(inherited) @executable_path/Frameworks @loader_path/Frameworks";
				PRODUCT_BUNDLE_IDENTIFIER = "com.yibei.renrenmeishu.RRArt-SwiftTests";
				PRODUCT_NAME = "$(TARGET_NAME)";
				TEST_HOST = "$(BUILT_PRODUCTS_DIR)/RRArt-Swift.app/RRArt-Swift";
			};
			name = Debug;
		};
		5046803C1CCDFA4700F9B454 /* Release */ = {
			isa = XCBuildConfiguration;
			buildSettings = {
				BUNDLE_LOADER = "$(TEST_HOST)";
				INFOPLIST_FILE = "RRArt-SwiftTests/Info.plist";
				LD_RUNPATH_SEARCH_PATHS = "$(inherited) @executable_path/Frameworks @loader_path/Frameworks";
				PRODUCT_BUNDLE_IDENTIFIER = "com.yibei.renrenmeishu.RRArt-SwiftTests";
				PRODUCT_NAME = "$(TARGET_NAME)";
				TEST_HOST = "$(BUILT_PRODUCTS_DIR)/RRArt-Swift.app/RRArt-Swift";
			};
			name = Release;
		};
		5046803E1CCDFA4700F9B454 /* Debug */ = {
			isa = XCBuildConfiguration;
			buildSettings = {
				INFOPLIST_FILE = "RRArt-SwiftUITests/Info.plist";
				LD_RUNPATH_SEARCH_PATHS = "$(inherited) @executable_path/Frameworks @loader_path/Frameworks";
				PRODUCT_BUNDLE_IDENTIFIER = "com.yibei.renrenmeishu.RRArt-SwiftUITests";
				PRODUCT_NAME = "$(TARGET_NAME)";
				TEST_TARGET_NAME = "RRArt-Swift";
			};
			name = Debug;
		};
		5046803F1CCDFA4700F9B454 /* Release */ = {
			isa = XCBuildConfiguration;
			buildSettings = {
				INFOPLIST_FILE = "RRArt-SwiftUITests/Info.plist";
				LD_RUNPATH_SEARCH_PATHS = "$(inherited) @executable_path/Frameworks @loader_path/Frameworks";
				PRODUCT_BUNDLE_IDENTIFIER = "com.yibei.renrenmeishu.RRArt-SwiftUITests";
				PRODUCT_NAME = "$(TARGET_NAME)";
				TEST_TARGET_NAME = "RRArt-Swift";
			};
			name = Release;
		};
/* End XCBuildConfiguration section */

/* Begin XCConfigurationList section */
		5046800A1CCDFA4700F9B454 /* Build configuration list for PBXProject "RRArt-Swift" */ = {
			isa = XCConfigurationList;
			buildConfigurations = (
				504680351CCDFA4700F9B454 /* Debug */,
				504680361CCDFA4700F9B454 /* Release */,
			);
			defaultConfigurationIsVisible = 0;
			defaultConfigurationName = Release;
		};
		504680371CCDFA4700F9B454 /* Build configuration list for PBXNativeTarget "RRArt-Swift" */ = {
			isa = XCConfigurationList;
			buildConfigurations = (
				504680381CCDFA4700F9B454 /* Debug */,
				504680391CCDFA4700F9B454 /* Release */,
			);
			defaultConfigurationIsVisible = 0;
			defaultConfigurationName = Release;
		};
		5046803A1CCDFA4700F9B454 /* Build configuration list for PBXNativeTarget "RRArt-SwiftTests" */ = {
			isa = XCConfigurationList;
			buildConfigurations = (
				5046803B1CCDFA4700F9B454 /* Debug */,
				5046803C1CCDFA4700F9B454 /* Release */,
			);
			defaultConfigurationIsVisible = 0;
			defaultConfigurationName = Release;
		};
		5046803D1CCDFA4700F9B454 /* Build configuration list for PBXNativeTarget "RRArt-SwiftUITests" */ = {
			isa = XCConfigurationList;
			buildConfigurations = (
				5046803E1CCDFA4700F9B454 /* Debug */,
				5046803F1CCDFA4700F9B454 /* Release */,
			);
			defaultConfigurationIsVisible = 0;
			defaultConfigurationName = Release;
		};
/* End XCConfigurationList section */
	};
	rootObject = 504680071CCDFA4700F9B454 /* Project object */;
}
